
Microsoft Visual Studio Solution File, Format Version 12.00
# Visual Studio Version 17
VisualStudioVersion = 17.5.2.0
MinimumVisualStudioVersion = 10.0.40219.1
Project("{2150E333-8FDC-42A3-9474-1A3956D46DE8}") = "src", "src", "{827E0CD3-B72D-47B6-A68D-7590B98EB39B}"
EndProject
Project("{FAE04EC0-301F-11D3-BF4B-00C04F79EFBC}") = "ContosoPizza.Client", "src\ContosoPizza.Client\ContosoPizza.Client.csproj", "{14914405-59AA-418A-A3F4-8673950C32A4}"
EndProject
Project("{FAE04EC0-301F-11D3-BF4B-00C04F79EFBC}") = "ContosoPizza.Server", "src\ContosoPizza.Server\ContosoPizza.Server.csproj", "{0C311D0A-1B10-452C-81DA-5BC3FDE4F6F5}"
EndProject
Project("{FAE04EC0-301F-11D3-BF4B-00C04F79EFBC}") = "ContosoPizza.Shared", "src\ContosoPizza.Shared\ContosoPizza.Shared.csproj", "{EDF2CE46-A37B-4AC2-9A7B-412C33B0107C}"
EndProject
Global
	GlobalSection(SolutionConfigurationPlatforms) = preSolution
		Debug|Any CPU = Debug|Any CPU
		Debug|x64 = Debug|x64
		Debug|x86 = Debug|x86
		Release|Any CPU = Release|Any CPU
		Release|x64 = Release|x64
		Release|x86 = Release|x86
	EndGlobalSection
	GlobalSection(ProjectConfigurationPlatforms) = postSolution
		{14914405-59AA-418A-A3F4-8673950C32A4}.Debug|Any CPU.ActiveCfg = Debug|Any CPU
		{14914405-59AA-418A-A3F4-8673950C32A4}.Debug|Any CPU.Build.0 = Debug|Any CPU
		{14914405-59AA-418A-A3F4-8673950C32A4}.Debug|x64.ActiveCfg = Debug|Any CPU
		{14914405-59AA-418A-A3F4-8673950C32A4}.Debug|x64.Build.0 = Debug|Any CPU
		{14914405-59AA-418A-A3F4-8673950C32A4}.Debug|x86.ActiveCfg = Debug|Any CPU
		{14914405-59AA-418A-A3F4-8673950C32A4}.Debug|x86.Build.0 = Debug|Any CPU
		{14914405-59AA-418A-A3F4-8673950C32A4}.Release|Any CPU.ActiveCfg = Release|Any CPU
		{14914405-59AA-418A-A3F4-8673950C32A4}.Release|Any CPU.Build.0 = Release|Any CPU
		{14914405-59AA-418A-A3F4-8673950C32A4}.Release|x64.ActiveCfg = Release|Any CPU
		{14914405-59AA-418A-A3F4-8673950C32A4}.Release|x64.Build.0 = Release|Any CPU
		{14914405-59AA-418A-A3F4-8673950C32A4}.Release|x86.ActiveCfg = Release|Any CPU
		{14914405-59AA-418A-A3F4-8673950C32A4}.Release|x86.Build.0 = Release|Any CPU
		{0C311D0A-1B10-452C-81DA-5BC3FDE4F6F5}.Debug|Any CPU.ActiveCfg = Debug|Any CPU
		{0C311D0A-1B10-452C-81DA-5BC3FDE4F6F5}.Debug|Any CPU.Build.0 = Debug|Any CPU
		{0C311D0A-1B10-452C-81DA-5BC3FDE4F6F5}.Debug|x64.ActiveCfg = Debug|Any CPU
		{0C311D0A-1B10-452C-81DA-5BC3FDE4F6F5}.Debug|x64.Build.0 = Debug|Any CPU
		{0C311D0A-1B10-452C-81DA-5BC3FDE4F6F5}.Debug|x86.ActiveCfg = Debug|Any CPU
		{0C311D0A-1B10-452C-81DA-5BC3FDE4F6F5}.Debug|x86.Build.0 = Debug|Any CPU
		{0C311D0A-1B10-452C-81DA-5BC3FDE4F6F5}.Release|Any CPU.ActiveCfg = Release|Any CPU
		{0C311D0A-1B10-452C-81DA-5BC3FDE4F6F5}.Release|Any CPU.Build.0 = Release|Any CPU
		{0C311D0A-1B10-452C-81DA-5BC3FDE4F6F5}.Release|x64.ActiveCfg = Release|Any CPU
		{0C311D0A-1B10-452C-81DA-5BC3FDE4F6F5}.Release|x64.Build.0 = Release|Any CPU
		{0C311D0A-1B10-452C-81DA-5BC3FDE4F6F5}.Release|x86.ActiveCfg = Release|Any CPU
		{0C311D0A-1B10-452C-81DA-5BC3FDE4F6F5}.Release|x86.Build.0 = Release|Any CPU
		{EDF2CE46-A37B-4AC2-9A7B-412C33B0107C}.Debug|Any CPU.ActiveCfg = Debug|Any CPU
		{EDF2CE46-A37B-4AC2-9A7B-412C33B0107C}.Debug|Any CPU.Build.0 = Debug|Any CPU
		{EDF2CE46-A37B-4AC2-9A7B-412C33B0107C}.Debug|x64.ActiveCfg = Debug|Any CPU
		{EDF2CE46-A37B-4AC2-9A7B-412C33B0107C}.Debug|x64.Build.0 = Debug|Any CPU
		{EDF2CE46-A37B-4AC2-9A7B-412C33B0107C}.Debug|x86.ActiveCfg = Debug|Any CPU
		{EDF2CE46-A37B-4AC2-9A7B-412C33B0107C}.Debug|x86.Build.0 = Debug|Any CPU
		{EDF2CE46-A37B-4AC2-9A7B-412C33B0107C}.Release|Any CPU.ActiveCfg = Release|Any CPU
		{EDF2CE46-A37B-4AC2-9A7B-412C33B0107C}.Release|Any CPU.Build.0 = Release|Any CPU
		{EDF2CE46-A37B-4AC2-9A7B-412C33B0107C}.Release|x64.ActiveCfg = Release|Any CPU
		{EDF2CE46-A37B-4AC2-9A7B-412C33B0107C}.Release|x64.Build.0 = Release|Any CPU
		{EDF2CE46-A37B-4AC2-9A7B-412C33B0107C}.Release|x86.ActiveCfg = Release|Any CPU
		{EDF2CE46-A37B-4AC2-9A7B-412C33B0107C}.Release|x86.Build.0 = Release|Any CPU
	EndGlobalSection
	GlobalSection(SolutionProperties) = preSolution
		HideSolutionNode = FALSE
	EndGlobalSection
	GlobalSection(NestedProjects) = preSolution
		{14914405-59AA-418A-A3F4-8673950C32A4} = {827E0CD3-B72D-47B6-A68D-7590B98EB39B}
		{0C311D0A-1B10-452C-81DA-5BC3FDE4F6F5} = {827E0CD3-B72D-47B6-A68D-7590B98EB39B}
		{EDF2CE46-A37B-4AC2-9A7B-412C33B0107C} = {827E0CD3-B72D-47B6-A68D-7590B98EB39B}
	EndGlobalSection
	GlobalSection(ExtensibilityGlobals) = postSolution
		SolutionGuid = {12209BF1-8345-4ACC-8C6B-059A8C370248}
	EndGlobalSection
EndGlobal
